
Microsoft Visual Studio Solution File, Format Version 12.00
# Visual Studio Version 17
VisualStudioVersion = 17.14.36623.8
MinimumVisualStudioVersion = 10.0.40219.1
Project("{FAE04EC0-301F-11D3-BF4B-00C04F79EFBC}") = "TradingCompany_v2", "TradingCompany_v2\TradingCompany_v2.csproj", "{4A0BAFCE-6B7C-4C71-A72E-E7446ADFB647}"
EndProject
Project("{FAE04EC0-301F-11D3-BF4B-00C04F79EFBC}") = "TradingCompany.DTO", "TradingCompany.DTO\TradingCompany.DTO.csproj", "{550A50EA-9D8C-4A1A-83E7-00A788C9EE6D}"
EndProject
Project("{FAE04EC0-301F-11D3-BF4B-00C04F79EFBC}") = "TradingCompany.DALEF", "TradingCompany.DALEF\TradingCompany.DALEF.csproj", "{5BAA27F1-0179-4963-9D9F-7DF756F0E412}"
EndProject
Project("{FAE04EC0-301F-11D3-BF4B-00C04F79EFBC}") = "TradingCompany.WPF", "TradingCompany.WPF\TradingCompany.WPF.csproj", "{372670C2-3247-4828-A54A-620A178AC520}"
EndProject
Global
	GlobalSection(SolutionConfigurationPlatforms) = preSolution
		Debug|Any CPU = Debug|Any CPU
		Release|Any CPU = Release|Any CPU
	EndGlobalSection
	GlobalSection(ProjectConfigurationPlatforms) = postSolution
		{4A0BAFCE-6B7C-4C71-A72E-E7446ADFB647}.Debug|Any CPU.ActiveCfg = Debug|Any CPU
		{4A0BAFCE-6B7C-4C71-A72E-E7446ADFB647}.Debug|Any CPU.Build.0 = Debug|Any CPU
		{4A0BAFCE-6B7C-4C71-A72E-E7446ADFB647}.Release|Any CPU.ActiveCfg = Release|Any CPU
		{4A0BAFCE-6B7C-4C71-A72E-E7446ADFB647}.Release|Any CPU.Build.0 = Release|Any CPU
		{550A50EA-9D8C-4A1A-83E7-00A788C9EE6D}.Debug|Any CPU.ActiveCfg = Debug|Any CPU
		{550A50EA-9D8C-4A1A-83E7-00A788C9EE6D}.Debug|Any CPU.Build.0 = Debug|Any CPU
		{550A50EA-9D8C-4A1A-83E7-00A788C9EE6D}.Release|Any CPU.ActiveCfg = Release|Any CPU
		{550A50EA-9D8C-4A1A-83E7-00A788C9EE6D}.Release|Any CPU.Build.0 = Release|Any CPU
		{5BAA27F1-0179-4963-9D9F-7DF756F0E412}.Debug|Any CPU.ActiveCfg = Debug|Any CPU
		{5BAA27F1-0179-4963-9D9F-7DF756F0E412}.Debug|Any CPU.Build.0 = Debug|Any CPU
		{5BAA27F1-0179-4963-9D9F-7DF756F0E412}.Release|Any CPU.ActiveCfg = Release|Any CPU
		{5BAA27F1-0179-4963-9D9F-7DF756F0E412}.Release|Any CPU.Build.0 = Release|Any CPU
		{372670C2-3247-4828-A54A-620A178AC520}.Debug|Any CPU.ActiveCfg = Debug|Any CPU
		{372670C2-3247-4828-A54A-620A178AC520}.Debug|Any CPU.Build.0 = Debug|Any CPU
		{372670C2-3247-4828-A54A-620A178AC520}.Release|Any CPU.ActiveCfg = Release|Any CPU
		{372670C2-3247-4828-A54A-620A178AC520}.Release|Any CPU.Build.0 = Release|Any CPU
	EndGlobalSection
	GlobalSection(SolutionProperties) = preSolution
		HideSolutionNode = FALSE
	EndGlobalSection
	GlobalSection(ExtensibilityGlobals) = postSolution
		SolutionGuid = {F5F22F4A-565F-4A8A-BC24-24C46C1D94CD}
	EndGlobalSection
EndGlobal
